{
  "version": 4,
  "terraform_version": "1.5.0",
  "serial": 176,
  "lineage": "bc8bf873-0c82-1886-0d8d-4bab25d3ad27",
  "outputs": {},
  "resources": [
    {
      "mode": "managed",
      "type": "libvirt_pool",
      "name": "k8s",
      "provider": "provider[\"registry.terraform.io/dmacvicar/libvirt\"]",
      "instances": [
        {
          "schema_version": 0,
          "attributes": {
            "allocation": 403400806400,
            "available": 345855954944,
            "capacity": 749256761344,
            "id": "a8747834-8d5d-4f35-9a94-da3b089e74ac",
            "name": "k8s",
            "path": "/var/lib/libvirt/pools/k8s",
            "type": "dir",
            "xml": []
          },
          "sensitive_attributes": [],
          "private": "bnVsbA=="
        }
      ]
    },
    {
      "module": "module.k8s_node[\"cluster\"]",
      "mode": "data",
      "type": "template_file",
      "name": "user_data",
      "provider": "provider[\"registry.terraform.io/hashicorp/template\"]",
      "instances": [
        {
          "schema_version": 0,
          "attributes": {
            "filename": null,
            "id": "8d7aac019335dc33524fa68b3f1ec5d5add177c0d9fb6e01774841ab60f2385d",
            "rendered": "#cloud-config\nhostname: cluster.k8s.internal\nmanage_etc_hosts: localhost\nusers:\n  - name: root\n    lock_passwd: false\n    hashed_passwd: $6$NOwlECk9kfJW.V.P$1w9S7kPhghhZ9XgRTUSBGCPV7ECO9UeCy30eLeg7O.ZbCaRk3wXM2cGFQB6mBtMS0BOOow1SvtW38lPIN0GyU. # MyPassword123\n    ssh_authorized_keys:\n      - ssh-ed25519 AAAAC3NzaC1lZDI1NTE5AAAAIHdQVgxqK5QezzkMWLKMIXH2enk4iME4I1cjC/Z8GdLm\npackages:\n  - qemu-guest-agent\nruncmd:\n  - [ \"/bin/bash\", \"-c\", \"sudo hostnamectl set-hostname cluster.k8s.internal\" ]\n  - [ \"/bin/bash\", \"-c\", \"systemctl enable --now qemu-guest-agent.service\" ]\n\n",
            "template": "#cloud-config\nhostname: ${hostname}\nmanage_etc_hosts: localhost\nusers:\n  - name: root\n    lock_passwd: false\n    hashed_passwd: $6$NOwlECk9kfJW.V.P$1w9S7kPhghhZ9XgRTUSBGCPV7ECO9UeCy30eLeg7O.ZbCaRk3wXM2cGFQB6mBtMS0BOOow1SvtW38lPIN0GyU. # MyPassword123\n    ssh_authorized_keys:\n      - ssh-ed25519 AAAAC3NzaC1lZDI1NTE5AAAAIHdQVgxqK5QezzkMWLKMIXH2enk4iME4I1cjC/Z8GdLm\npackages:\n  - qemu-guest-agent\nruncmd:\n  - [ \"/bin/bash\", \"-c\", \"sudo hostnamectl set-hostname ${hostname}\" ]\n  - [ \"/bin/bash\", \"-c\", \"systemctl enable --now qemu-guest-agent.service\" ]\n\n",
            "vars": {
              "hostname": "cluster.k8s.internal"
            }
          },
          "sensitive_attributes": []
        }
      ]
    },
    {
      "module": "module.k8s_node[\"cluster\"]",
      "mode": "managed",
      "type": "libvirt_cloudinit_disk",
      "name": "vm_cloudinit",
      "provider": "provider[\"registry.terraform.io/dmacvicar/libvirt\"]",
      "instances": [
        {
          "schema_version": 0,
          "attributes": {
            "id": "/var/lib/libvirt/pools/k8s/cluster.k8s.internal-cloudinit.iso;ed76538a-916d-4f20-9b5b-3c7745886534",
            "meta_data": "",
            "name": "cluster.k8s.internal-cloudinit.iso",
            "network_config": "",
            "pool": "k8s",
            "user_data": "#cloud-config\nhostname: cluster.k8s.internal\nmanage_etc_hosts: localhost\nusers:\n  - name: root\n    lock_passwd: false\n    hashed_passwd: $6$NOwlECk9kfJW.V.P$1w9S7kPhghhZ9XgRTUSBGCPV7ECO9UeCy30eLeg7O.ZbCaRk3wXM2cGFQB6mBtMS0BOOow1SvtW38lPIN0GyU. # MyPassword123\n    ssh_authorized_keys:\n      - ssh-ed25519 AAAAC3NzaC1lZDI1NTE5AAAAIHdQVgxqK5QezzkMWLKMIXH2enk4iME4I1cjC/Z8GdLm\npackages:\n  - qemu-guest-agent\nruncmd:\n  - [ \"/bin/bash\", \"-c\", \"sudo hostnamectl set-hostname cluster.k8s.internal\" ]\n  - [ \"/bin/bash\", \"-c\", \"systemctl enable --now qemu-guest-agent.service\" ]\n\n"
          },
          "sensitive_attributes": [],
          "private": "bnVsbA==",
          "dependencies": [
            "libvirt_pool.k8s",
            "module.k8s_node.data.template_file.user_data"
          ]
        }
      ]
    },
    {
      "module": "module.k8s_node[\"cluster\"]",
      "mode": "managed",
      "type": "libvirt_volume",
      "name": "vm_volume",
      "provider": "provider[\"registry.terraform.io/dmacvicar/libvirt\"]",
      "instances": [
        {
          "schema_version": 0,
          "attributes": {
            "base_volume_id": null,
            "base_volume_name": null,
            "base_volume_pool": null,
            "format": "qcow2",
            "id": "/var/lib/libvirt/pools/k8s/cluster.k8s.internal.qcow2",
            "name": "cluster.k8s.internal.qcow2",
            "pool": "k8s",
            "size": 10737418240,
            "source": "/var/lib/libvirt/images/Rocky-9-GenericCloud-Base.latest.x86_64.qcow2",
            "xml": []
          },
          "sensitive_attributes": [],
          "private": "bnVsbA==",
          "dependencies": [
            "libvirt_pool.k8s"
          ]
        }
      ]
    }
  ],
  "check_results": null
}
